
Microsoft Visual Studio Solution File, Format Version 12.00
# Visual Studio Version 17
VisualStudioVersion = 17.7.34024.191
MinimumVisualStudioVersion = 10.0.40219.1
Project("{FAE04EC0-301F-11D3-BF4B-00C04F79EFBC}") = "PrimerProyecto", "PrimerProyecto\PrimerProyecto.csproj", "{A829ABA8-4A3D-4C40-B9D7-1B55003BBD2F}"
EndProject
Global
	GlobalSection(SolutionConfigurationPlatforms) = preSolution
		Debug|Any CPU = Debug|Any CPU
		Release|Any CPU = Release|Any CPU
	EndGlobalSection
	GlobalSection(ProjectConfigurationPlatforms) = postSolution
		{A829ABA8-4A3D-4C40-B9D7-1B55003BBD2F}.Debug|Any CPU.ActiveCfg = Debug|Any CPU
		{A829ABA8-4A3D-4C40-B9D7-1B55003BBD2F}.Debug|Any CPU.Build.0 = Debug|Any CPU
		{A829ABA8-4A3D-4C40-B9D7-1B55003BBD2F}.Release|Any CPU.ActiveCfg = Release|Any CPU
		{A829ABA8-4A3D-4C40-B9D7-1B55003BBD2F}.Release|Any CPU.Build.0 = Release|Any CPU
	EndGlobalSection
	GlobalSection(SolutionProperties) = preSolution
		HideSolutionNode = FALSE
	EndGlobalSection
	GlobalSection(ExtensibilityGlobals) = postSolution
		SolutionGuid = {4BB08C63-F365-435A-8D1E-E4B49F60733D}
	EndGlobalSection
EndGlobal
